<Solution>
  <Project Path="../ActPurchase.Context.EntituFramework/ActPurchase.Context.EntityFrameworkCore.csproj" />
  <Project Path="../ActPurchase.Context/ActPurchase.Context.csproj" />
  <Project Path="../ActPurchase.DataAccess/ActPurchase.DataAccess.csproj" />
  <Project Path="../ActPurchase.Domain/ActPurchase.Domain.csproj" />
  <Project Path="../ActPurchase.Entites.Configurations/ActPurchase.Entites.Configurations.csproj" />
  <Project Path="../ActPurchase.Entities/ActPurchase.Entities.csproj" />
  <Project Path="ActPurchase.Api.csproj" />
</Solution>
