<Solution>
  <Folder Name="/ActPurchase.DataAccess/">
    <Project Path="../ActPurchase.Context.EntituFramework/ActPurchase.Context.EntityFrameworkCore.csproj" />
    <Project Path="../ActPurchase.Context/ActPurchase.Context.csproj" />
  </Folder>
  <Project Path="../ActPurchase.Domain/ActPurchase.Domain.csproj" />
  <Project Path="../ActPurchase.Entites.Configurations/ActPurchase.Entites.Configurations.csproj" />
  <Project Path="ActPurchase.Api.csproj" />
</Solution>
